{
  "nodes": {
    "esphome-skills": {
      "inputs": {
        "nix-qemu-espressif": "nix-qemu-espressif",
        "nixpkgs": "nixpkgs_2"
      },
      "locked": {
        "lastModified": 1784561313,
        "narHash": "sha256-eApXe/NBGSfRj4GgJvHEXt0z05MWd+7SfNK6UcKvJxM=",
        "owner": "heavy-oil1462",
        "repo": "esphome-skills",
        "rev": "94859772291e22e4e8903629f4d15990269873da",
        "type": "github"
      },
      "original": {
        "owner": "heavy-oil1462",
        "repo": "esphome-skills",
        "type": "github"
      }
    },
    "nix-qemu-espressif": {
      "inputs": {
        "nixpkgs": "nixpkgs"
      },
      "locked": {
        "lastModified": 1784226724,
        "narHash": "sha256-An7zeTQXO9z3wByLu69raQMpVRyqByOK6BzUITu9yho=",
        "owner": "SFrijters",
        "repo": "nix-qemu-espressif",
        "rev": "8ff168b29477b554cdf0b5b9e95d99ca55b23a35",
        "type": "github"
      },
      "original": {
        "owner": "SFrijters",
        "repo": "nix-qemu-espressif",
        "type": "github"
      }
    },
    "nixpkgs": {
      "locked": {
        "lastModified": 1784220085,
        "narHash": "sha256-yvOnN5mGa7uJGWvKQW7wwRYxMSWhtcYdWeyS89TeoVI=",
        "owner": "NixOS",
        "repo": "nixpkgs",
        "rev": "9b94bb937e086b616338f0b86150fb41e0057cb1",
        "type": "github"
      },
      "original": {
        "owner": "NixOS",
        "repo": "nixpkgs",
        "type": "github"
      }
    },
    "nixpkgs_2": {
      "locked": {
        "lastModified": 1784525419,
        "narHash": "sha256-yocJ4I4Kd4as0UPMFs9P7laPvvA2x/Bj8EW46iW3VVM=",
        "owner": "NixOS",
        "repo": "nixpkgs",
        "rev": "a16c3fde2ffeab7f6326f50f460aaffde7ae066d",
        "type": "github"
      },
      "original": {
        "owner": "NixOS",
        "ref": "nixpkgs-unstable",
        "repo": "nixpkgs",
        "type": "github"
      }
    },
    "nixpkgs_3": {
      "locked": {
        "lastModified": 1784525419,
        "narHash": "sha256-yocJ4I4Kd4as0UPMFs9P7laPvvA2x/Bj8EW46iW3VVM=",
        "owner": "NixOS",
        "repo": "nixpkgs",
        "rev": "a16c3fde2ffeab7f6326f50f460aaffde7ae066d",
        "type": "github"
      },
      "original": {
        "owner": "NixOS",
        "ref": "nixpkgs-unstable",
        "repo": "nixpkgs",
        "type": "github"
      }
    },
    "root": {
      "inputs": {
        "esphome-skills": "esphome-skills",
        "nixpkgs": "nixpkgs_3"
      }
    }
  },
  "root": "root",
  "version": 7
}
